PODS:
  - GPAC4iOS (0.2.1)
  - TS2MP4 (0.2.1):
    - GPAC4iOS (= 0.2.1)

DEPENDENCIES:
  - GPAC4iOS
  - TS2MP4

SPEC CHECKSUMS:
  GPAC4iOS: 81b31a8fae9c1e98fa5e28c2e60932e9f93d82a1
  TS2MP4: 5819f4a91bd1a8e6390becb3d146c3260c205780

PODFILE CHECKSUM: 53744e07799cadcbe81ccaaa2ddcf071b5e0b530

COCOAPODS: 1.2.1
